{
  "name": "opencaesar-pump-war-room",
  "version": "0.8.1",
  "lockfileVersion": 3,
  "requires": true,
  "packages": {
    "": {
      "name": "opencaesar-pump-war-room",
      "version": "0.8.1",
      "dependencies": {
        "tldts": "7.0.22"
      },
      "engines": {
        "node": ">=22.13.0"
      }
    },
    "node_modules/tldts": {
      "version": "7.0.22",
      "resolved": "https://registry.npmjs.org/tldts/-/tldts-7.0.22.tgz",
      "integrity": "sha512-nqpKFC53CgopKPjT6Wfb6tpIcZXHcI6G37hesvikhx0EmUGPkZrujRyAjgnmp1SHNgpQfKVanZ+KfpANFt2Hxw==",
      "license": "MIT",
      "dependencies": {
        "tldts-core": "^7.0.22"
      },
      "bin": {
        "tldts": "bin/cli.js"
      }
    },
    "node_modules/tldts-core": {
      "version": "7.4.10",
      "resolved": "https://registry.npmjs.org/tldts-core/-/tldts-core-7.4.10.tgz",
      "integrity": "sha512-KnQjp53ZekKgm/r3l+u8kJGGzYgrWdP8+Mql7a4vijh2WE0IrZWspQj/TpTxDho/YxO+AnOZnIjQcCD+q6iJsw==",
      "license": "MIT"
    }
  }
}
